
Microsoft Visual Studio Solution File, Format Version 12.00
# Visual Studio 2013
VisualStudioVersion = 12.0.30723.0
MinimumVisualStudioVersion = 10.0.40219.1
Project("{FAE04EC0-301F-11D3-BF4B-00C04F79EFBC}") = "ChatR.Server", "src\ChatR.Server\ChatR.Server.csproj", "{6E277A71-4A87-44CB-84CE-D772FFF99CAF}"
EndProject
Project("{FAE04EC0-301F-11D3-BF4B-00C04F79EFBC}") = "ChatR.SignalRClient", "src\ChatR.SignalRClient\ChatR.SignalRClient.csproj", "{87CA1169-E0B1-4D6E-9B9D-BB09EA69F4A9}"
EndProject
Project("{FAE04EC0-301F-11D3-BF4B-00C04F79EFBC}") = "ChatR.WpfClient", "src\ChatR.WpfClient\ChatR.WpfClient.csproj", "{068346EB-6BC0-4DF1-A705-BA44E9C33C9A}"
EndProject
Project("{FAE04EC0-301F-11D3-BF4B-00C04F79EFBC}") = "ChatR.WinClient", "src\ChatR.WinClient\ChatR.WinClient.csproj", "{33223A58-5943-4484-9CEA-BFD91B2F8478}"
EndProject
Project("{2150E333-8FDC-42A3-9474-1A3956D46DE8}") = ".build", ".build", "{D5BCDD2A-6672-421F-953C-37B44C4B20DC}"
	ProjectSection(SolutionItems) = preProject
		build.cmd = build.cmd
		build.fsx = build.fsx
		fast_build.cmd = fast_build.cmd
	EndProjectSection
EndProject
Project("{FAE04EC0-301F-11D3-BF4B-00C04F79EFBC}") = "ChatR.Model", "src\ChatR.Model\ChatR.Model.csproj", "{B5E4AF4C-0CF4-4B61-BFBD-1BCA1234D698}"
EndProject
Project("{2150E333-8FDC-42A3-9474-1A3956D46DE8}") = "1.Server", "1.Server", "{380F7026-DC10-4FE4-AD1B-846E899D8270}"
EndProject
Project("{2150E333-8FDC-42A3-9474-1A3956D46DE8}") = "2.Client", "2.Client", "{CCCF635C-4257-4869-92C1-71DCE0BCEFDD}"
EndProject
Project("{2150E333-8FDC-42A3-9474-1A3956D46DE8}") = "3.Clients", "3.Clients", "{F29B333D-459B-48FC-B480-76088FF91BC2}"
EndProject
Project("{FAE04EC0-301F-11D3-BF4B-00C04F79EFBC}") = "ChatR.ClientData", "src\ChatR.ClientData\ChatR.ClientData.csproj", "{7B3A03E9-9DFA-49B2-9AA9-E571DEE4CA8E}"
EndProject
Project("{FAE04EC0-301F-11D3-BF4B-00C04F79EFBC}") = "ChatR.Server.Tests", "src\ChatR.Server.Tests\ChatR.Server.Tests.csproj", "{BD884A9A-058E-437F-A503-5C886C40BFA7}"
EndProject
Project("{FAE04EC0-301F-11D3-BF4B-00C04F79EFBC}") = "ChatR.SignalRClient.Tests", "src\ChatR.SignalRClient.Tests\ChatR.SignalRClient.Tests.csproj", "{6BCF4763-3053-4550-8743-A0A0295E3453}"
EndProject
Project("{FAE04EC0-301F-11D3-BF4B-00C04F79EFBC}") = "ChatR.WebClient.Tests", "src\ChatR.WebClient.Tests\ChatR.WebClient.Tests.csproj", "{D4791910-D325-45B2-AD89-9408AB9A668B}"
EndProject
Project("{FAE04EC0-301F-11D3-BF4B-00C04F79EFBC}") = "ChatR.WinClient.Tests", "src\ChatR.WinClient.Tests\ChatR.WinClient.Tests.csproj", "{B5F9EAC1-2F07-4D9A-80D5-E973B1686B04}"
EndProject
Project("{FAE04EC0-301F-11D3-BF4B-00C04F79EFBC}") = "ChatR.WpfClient.Tests", "src\ChatR.WpfClient.Tests\ChatR.WpfClient.Tests.csproj", "{4B81DADE-EF89-4078-8A77-17D816AF7C47}"
EndProject
Project("{FAE04EC0-301F-11D3-BF4B-00C04F79EFBC}") = "ChatR.WebClient", "src\ChatR.WebClient\ChatR.WebClient.csproj", "{3D217B92-F336-4D24-AE1C-C688933AC682}"
EndProject
Project("{2150E333-8FDC-42A3-9474-1A3956D46DE8}") = "4.Tests", "4.Tests", "{62D2D947-1C94-495A-A387-C1BE532FC281}"
EndProject
Project("{FAE04EC0-301F-11D3-BF4B-00C04F79EFBC}") = "ChatR.AcceptenceTests", "src\ChatR.AcceptenceTests\ChatR.AcceptenceTests.csproj", "{4EA23305-4835-4A82-9B8E-26387FF39DB5}"
EndProject
Project("{FAE04EC0-301F-11D3-BF4B-00C04F79EFBC}") = "ChatR.CodedUITests", "src\ChatR.CodedUITests\ChatR.CodedUITests.csproj", "{AE618418-6C2D-4BE2-B904-1DD789C35A36}"
EndProject
Project("{2150E333-8FDC-42A3-9474-1A3956D46DE8}") = "5.Utils", "5.Utils", "{133EB1B5-74A5-4F4F-A56D-2AD7F345050C}"
EndProject
Project("{FAE04EC0-301F-11D3-BF4B-00C04F79EFBC}") = "ChatR.TestUtils", "src\ChatR.TestUtils\ChatR.TestUtils.csproj", "{67EB7B7E-678E-4A98-AAF1-FE72AAEDE820}"
EndProject
Global
	GlobalSection(SolutionConfigurationPlatforms) = preSolution
		Debug|Any CPU = Debug|Any CPU
		Release|Any CPU = Release|Any CPU
	EndGlobalSection
	GlobalSection(ProjectConfigurationPlatforms) = postSolution
		{6E277A71-4A87-44CB-84CE-D772FFF99CAF}.Debug|Any CPU.ActiveCfg = Debug|Any CPU
		{6E277A71-4A87-44CB-84CE-D772FFF99CAF}.Debug|Any CPU.Build.0 = Debug|Any CPU
		{6E277A71-4A87-44CB-84CE-D772FFF99CAF}.Release|Any CPU.ActiveCfg = Release|Any CPU
		{6E277A71-4A87-44CB-84CE-D772FFF99CAF}.Release|Any CPU.Build.0 = Release|Any CPU
		{87CA1169-E0B1-4D6E-9B9D-BB09EA69F4A9}.Debug|Any CPU.ActiveCfg = Debug|Any CPU
		{87CA1169-E0B1-4D6E-9B9D-BB09EA69F4A9}.Debug|Any CPU.Build.0 = Debug|Any CPU
		{87CA1169-E0B1-4D6E-9B9D-BB09EA69F4A9}.Release|Any CPU.ActiveCfg = Release|Any CPU
		{87CA1169-E0B1-4D6E-9B9D-BB09EA69F4A9}.Release|Any CPU.Build.0 = Release|Any CPU
		{068346EB-6BC0-4DF1-A705-BA44E9C33C9A}.Debug|Any CPU.ActiveCfg = Debug|Any CPU
		{068346EB-6BC0-4DF1-A705-BA44E9C33C9A}.Debug|Any CPU.Build.0 = Debug|Any CPU
		{068346EB-6BC0-4DF1-A705-BA44E9C33C9A}.Release|Any CPU.ActiveCfg = Release|Any CPU
		{068346EB-6BC0-4DF1-A705-BA44E9C33C9A}.Release|Any CPU.Build.0 = Release|Any CPU
		{33223A58-5943-4484-9CEA-BFD91B2F8478}.Debug|Any CPU.ActiveCfg = Debug|Any CPU
		{33223A58-5943-4484-9CEA-BFD91B2F8478}.Debug|Any CPU.Build.0 = Debug|Any CPU
		{33223A58-5943-4484-9CEA-BFD91B2F8478}.Release|Any CPU.ActiveCfg = Release|Any CPU
		{33223A58-5943-4484-9CEA-BFD91B2F8478}.Release|Any CPU.Build.0 = Release|Any CPU
		{B5E4AF4C-0CF4-4B61-BFBD-1BCA1234D698}.Debug|Any CPU.ActiveCfg = Debug|Any CPU
		{B5E4AF4C-0CF4-4B61-BFBD-1BCA1234D698}.Debug|Any CPU.Build.0 = Debug|Any CPU
		{B5E4AF4C-0CF4-4B61-BFBD-1BCA1234D698}.Release|Any CPU.ActiveCfg = Release|Any CPU
		{B5E4AF4C-0CF4-4B61-BFBD-1BCA1234D698}.Release|Any CPU.Build.0 = Release|Any CPU
		{7B3A03E9-9DFA-49B2-9AA9-E571DEE4CA8E}.Debug|Any CPU.ActiveCfg = Debug|Any CPU
		{7B3A03E9-9DFA-49B2-9AA9-E571DEE4CA8E}.Debug|Any CPU.Build.0 = Debug|Any CPU
		{7B3A03E9-9DFA-49B2-9AA9-E571DEE4CA8E}.Release|Any CPU.ActiveCfg = Release|Any CPU
		{7B3A03E9-9DFA-49B2-9AA9-E571DEE4CA8E}.Release|Any CPU.Build.0 = Release|Any CPU
		{BD884A9A-058E-437F-A503-5C886C40BFA7}.Debug|Any CPU.ActiveCfg = Debug|Any CPU
		{BD884A9A-058E-437F-A503-5C886C40BFA7}.Debug|Any CPU.Build.0 = Debug|Any CPU
		{BD884A9A-058E-437F-A503-5C886C40BFA7}.Release|Any CPU.ActiveCfg = Release|Any CPU
		{BD884A9A-058E-437F-A503-5C886C40BFA7}.Release|Any CPU.Build.0 = Release|Any CPU
		{6BCF4763-3053-4550-8743-A0A0295E3453}.Debug|Any CPU.ActiveCfg = Debug|Any CPU
		{6BCF4763-3053-4550-8743-A0A0295E3453}.Debug|Any CPU.Build.0 = Debug|Any CPU
		{6BCF4763-3053-4550-8743-A0A0295E3453}.Release|Any CPU.ActiveCfg = Release|Any CPU
		{6BCF4763-3053-4550-8743-A0A0295E3453}.Release|Any CPU.Build.0 = Release|Any CPU
		{D4791910-D325-45B2-AD89-9408AB9A668B}.Debug|Any CPU.ActiveCfg = Debug|Any CPU
		{D4791910-D325-45B2-AD89-9408AB9A668B}.Debug|Any CPU.Build.0 = Debug|Any CPU
		{D4791910-D325-45B2-AD89-9408AB9A668B}.Release|Any CPU.ActiveCfg = Release|Any CPU
		{D4791910-D325-45B2-AD89-9408AB9A668B}.Release|Any CPU.Build.0 = Release|Any CPU
		{B5F9EAC1-2F07-4D9A-80D5-E973B1686B04}.Debug|Any CPU.ActiveCfg = Debug|Any CPU
		{B5F9EAC1-2F07-4D9A-80D5-E973B1686B04}.Debug|Any CPU.Build.0 = Debug|Any CPU
		{B5F9EAC1-2F07-4D9A-80D5-E973B1686B04}.Release|Any CPU.ActiveCfg = Release|Any CPU
		{B5F9EAC1-2F07-4D9A-80D5-E973B1686B04}.Release|Any CPU.Build.0 = Release|Any CPU
		{4B81DADE-EF89-4078-8A77-17D816AF7C47}.Debug|Any CPU.ActiveCfg = Debug|Any CPU
		{4B81DADE-EF89-4078-8A77-17D816AF7C47}.Debug|Any CPU.Build.0 = Debug|Any CPU
		{4B81DADE-EF89-4078-8A77-17D816AF7C47}.Release|Any CPU.ActiveCfg = Release|Any CPU
		{4B81DADE-EF89-4078-8A77-17D816AF7C47}.Release|Any CPU.Build.0 = Release|Any CPU
		{3D217B92-F336-4D24-AE1C-C688933AC682}.Debug|Any CPU.ActiveCfg = Debug|Any CPU
		{3D217B92-F336-4D24-AE1C-C688933AC682}.Debug|Any CPU.Build.0 = Debug|Any CPU
		{3D217B92-F336-4D24-AE1C-C688933AC682}.Release|Any CPU.ActiveCfg = Release|Any CPU
		{3D217B92-F336-4D24-AE1C-C688933AC682}.Release|Any CPU.Build.0 = Release|Any CPU
		{4EA23305-4835-4A82-9B8E-26387FF39DB5}.Debug|Any CPU.ActiveCfg = Debug|Any CPU
		{4EA23305-4835-4A82-9B8E-26387FF39DB5}.Debug|Any CPU.Build.0 = Debug|Any CPU
		{4EA23305-4835-4A82-9B8E-26387FF39DB5}.Release|Any CPU.ActiveCfg = Release|Any CPU
		{4EA23305-4835-4A82-9B8E-26387FF39DB5}.Release|Any CPU.Build.0 = Release|Any CPU
		{AE618418-6C2D-4BE2-B904-1DD789C35A36}.Debug|Any CPU.ActiveCfg = Debug|Any CPU
		{AE618418-6C2D-4BE2-B904-1DD789C35A36}.Debug|Any CPU.Build.0 = Debug|Any CPU
		{AE618418-6C2D-4BE2-B904-1DD789C35A36}.Release|Any CPU.ActiveCfg = Release|Any CPU
		{AE618418-6C2D-4BE2-B904-1DD789C35A36}.Release|Any CPU.Build.0 = Release|Any CPU
		{67EB7B7E-678E-4A98-AAF1-FE72AAEDE820}.Debug|Any CPU.ActiveCfg = Debug|Any CPU
		{67EB7B7E-678E-4A98-AAF1-FE72AAEDE820}.Debug|Any CPU.Build.0 = Debug|Any CPU
		{67EB7B7E-678E-4A98-AAF1-FE72AAEDE820}.Release|Any CPU.ActiveCfg = Release|Any CPU
		{67EB7B7E-678E-4A98-AAF1-FE72AAEDE820}.Release|Any CPU.Build.0 = Release|Any CPU
	EndGlobalSection
	GlobalSection(SolutionProperties) = preSolution
		HideSolutionNode = FALSE
	EndGlobalSection
	GlobalSection(NestedProjects) = preSolution
		{6E277A71-4A87-44CB-84CE-D772FFF99CAF} = {380F7026-DC10-4FE4-AD1B-846E899D8270}
		{87CA1169-E0B1-4D6E-9B9D-BB09EA69F4A9} = {CCCF635C-4257-4869-92C1-71DCE0BCEFDD}
		{068346EB-6BC0-4DF1-A705-BA44E9C33C9A} = {F29B333D-459B-48FC-B480-76088FF91BC2}
		{33223A58-5943-4484-9CEA-BFD91B2F8478} = {F29B333D-459B-48FC-B480-76088FF91BC2}
		{B5E4AF4C-0CF4-4B61-BFBD-1BCA1234D698} = {CCCF635C-4257-4869-92C1-71DCE0BCEFDD}
		{7B3A03E9-9DFA-49B2-9AA9-E571DEE4CA8E} = {F29B333D-459B-48FC-B480-76088FF91BC2}
		{BD884A9A-058E-437F-A503-5C886C40BFA7} = {380F7026-DC10-4FE4-AD1B-846E899D8270}
		{6BCF4763-3053-4550-8743-A0A0295E3453} = {CCCF635C-4257-4869-92C1-71DCE0BCEFDD}
		{D4791910-D325-45B2-AD89-9408AB9A668B} = {F29B333D-459B-48FC-B480-76088FF91BC2}
		{B5F9EAC1-2F07-4D9A-80D5-E973B1686B04} = {F29B333D-459B-48FC-B480-76088FF91BC2}
		{4B81DADE-EF89-4078-8A77-17D816AF7C47} = {F29B333D-459B-48FC-B480-76088FF91BC2}
		{3D217B92-F336-4D24-AE1C-C688933AC682} = {F29B333D-459B-48FC-B480-76088FF91BC2}
		{4EA23305-4835-4A82-9B8E-26387FF39DB5} = {62D2D947-1C94-495A-A387-C1BE532FC281}
		{AE618418-6C2D-4BE2-B904-1DD789C35A36} = {62D2D947-1C94-495A-A387-C1BE532FC281}
		{67EB7B7E-678E-4A98-AAF1-FE72AAEDE820} = {133EB1B5-74A5-4F4F-A56D-2AD7F345050C}
	EndGlobalSection
EndGlobal
