
Microsoft Visual Studio Solution File, Format Version 12.00
# Visual Studio 2013
VisualStudioVersion = 12.0.30501.0
MinimumVisualStudioVersion = 10.0.40219.1
Project("{FAE04EC0-301F-11D3-BF4B-00C04F79EFBC}") = "ChatR.Server", "src\ChatR.Server\ChatR.Server.csproj", "{6E277A71-4A87-44CB-84CE-D772FFF99CAF}"
EndProject
Project("{FAE04EC0-301F-11D3-BF4B-00C04F79EFBC}") = "ChatR.SignalRClient", "src\ChatR.SignalRClient\ChatR.SignalRClient.csproj", "{87CA1169-E0B1-4D6E-9B9D-BB09EA69F4A9}"
EndProject
Project("{FAE04EC0-301F-11D3-BF4B-00C04F79EFBC}") = "ChatR.WpfClient", "src\ChatR.WpfClient\ChatR.WpfClient.csproj", "{068346EB-6BC0-4DF1-A705-BA44E9C33C9A}"
EndProject
Project("{FAE04EC0-301F-11D3-BF4B-00C04F79EFBC}") = "ChatR.WinClient", "src\ChatR.WinClient\ChatR.WinClient.csproj", "{33223A58-5943-4484-9CEA-BFD91B2F8478}"
EndProject
Project("{FAE04EC0-301F-11D3-BF4B-00C04F79EFBC}") = "ChatR.WebClient", "src\ChatR.WebClient\ChatR.WebClient.csproj", "{762BF4B2-B23D-4601-81F0-AB0DDB71E115}"
EndProject
Global
	GlobalSection(SolutionConfigurationPlatforms) = preSolution
		Debug|Any CPU = Debug|Any CPU
		Release|Any CPU = Release|Any CPU
	EndGlobalSection
	GlobalSection(ProjectConfigurationPlatforms) = postSolution
		{6E277A71-4A87-44CB-84CE-D772FFF99CAF}.Debug|Any CPU.ActiveCfg = Debug|Any CPU
		{6E277A71-4A87-44CB-84CE-D772FFF99CAF}.Debug|Any CPU.Build.0 = Debug|Any CPU
		{6E277A71-4A87-44CB-84CE-D772FFF99CAF}.Release|Any CPU.ActiveCfg = Release|Any CPU
		{6E277A71-4A87-44CB-84CE-D772FFF99CAF}.Release|Any CPU.Build.0 = Release|Any CPU
		{87CA1169-E0B1-4D6E-9B9D-BB09EA69F4A9}.Debug|Any CPU.ActiveCfg = Debug|Any CPU
		{87CA1169-E0B1-4D6E-9B9D-BB09EA69F4A9}.Debug|Any CPU.Build.0 = Debug|Any CPU
		{87CA1169-E0B1-4D6E-9B9D-BB09EA69F4A9}.Release|Any CPU.ActiveCfg = Release|Any CPU
		{87CA1169-E0B1-4D6E-9B9D-BB09EA69F4A9}.Release|Any CPU.Build.0 = Release|Any CPU
		{068346EB-6BC0-4DF1-A705-BA44E9C33C9A}.Debug|Any CPU.ActiveCfg = Debug|Any CPU
		{068346EB-6BC0-4DF1-A705-BA44E9C33C9A}.Debug|Any CPU.Build.0 = Debug|Any CPU
		{068346EB-6BC0-4DF1-A705-BA44E9C33C9A}.Release|Any CPU.ActiveCfg = Release|Any CPU
		{068346EB-6BC0-4DF1-A705-BA44E9C33C9A}.Release|Any CPU.Build.0 = Release|Any CPU
		{33223A58-5943-4484-9CEA-BFD91B2F8478}.Debug|Any CPU.ActiveCfg = Debug|Any CPU
		{33223A58-5943-4484-9CEA-BFD91B2F8478}.Debug|Any CPU.Build.0 = Debug|Any CPU
		{33223A58-5943-4484-9CEA-BFD91B2F8478}.Release|Any CPU.ActiveCfg = Release|Any CPU
		{33223A58-5943-4484-9CEA-BFD91B2F8478}.Release|Any CPU.Build.0 = Release|Any CPU
		{762BF4B2-B23D-4601-81F0-AB0DDB71E115}.Debug|Any CPU.ActiveCfg = Debug|Any CPU
		{762BF4B2-B23D-4601-81F0-AB0DDB71E115}.Debug|Any CPU.Build.0 = Debug|Any CPU
		{762BF4B2-B23D-4601-81F0-AB0DDB71E115}.Release|Any CPU.ActiveCfg = Release|Any CPU
		{762BF4B2-B23D-4601-81F0-AB0DDB71E115}.Release|Any CPU.Build.0 = Release|Any CPU
	EndGlobalSection
	GlobalSection(SolutionProperties) = preSolution
		HideSolutionNode = FALSE
	EndGlobalSection
EndGlobal
